
Microsoft Visual Studio Solution File, Format Version 12.00
# Visual Studio Version 17
VisualStudioVersion = 17.8.34309.116
MinimumVisualStudioVersion = 10.0.40219.1
Project("{9A19103F-16F7-4668-BE54-9A1E7A4F7556}") = "CarRentalManagement.Server", "CarRentalManagement\Server\CarRentalManagement.Server.csproj", "{CC2B7E43-3E64-4E2D-931A-A7E1A76F7811}"
EndProject
Project("{9A19103F-16F7-4668-BE54-9A1E7A4F7556}") = "CarRentalManagement.Client", "CarRentalManagement\Client\CarRentalManagement.Client.csproj", "{EAC98BBD-99B9-4570-868D-E478CA9C6673}"
EndProject
Project("{9A19103F-16F7-4668-BE54-9A1E7A4F7556}") = "CarRentalManagement.Shared", "CarRentalManagement\Shared\CarRentalManagement.Shared.csproj", "{9B3B9E77-139C-41C3-9F13-036115366642}"
EndProject
Global
	GlobalSection(SolutionConfigurationPlatforms) = preSolution
		Debug|Any CPU = Debug|Any CPU
		Release|Any CPU = Release|Any CPU
	EndGlobalSection
	GlobalSection(ProjectConfigurationPlatforms) = postSolution
		{CC2B7E43-3E64-4E2D-931A-A7E1A76F7811}.Debug|Any CPU.ActiveCfg = Debug|Any CPU
		{CC2B7E43-3E64-4E2D-931A-A7E1A76F7811}.Debug|Any CPU.Build.0 = Debug|Any CPU
		{CC2B7E43-3E64-4E2D-931A-A7E1A76F7811}.Release|Any CPU.ActiveCfg = Release|Any CPU
		{CC2B7E43-3E64-4E2D-931A-A7E1A76F7811}.Release|Any CPU.Build.0 = Release|Any CPU
		{EAC98BBD-99B9-4570-868D-E478CA9C6673}.Debug|Any CPU.ActiveCfg = Debug|Any CPU
		{EAC98BBD-99B9-4570-868D-E478CA9C6673}.Debug|Any CPU.Build.0 = Debug|Any CPU
		{EAC98BBD-99B9-4570-868D-E478CA9C6673}.Release|Any CPU.ActiveCfg = Release|Any CPU
		{EAC98BBD-99B9-4570-868D-E478CA9C6673}.Release|Any CPU.Build.0 = Release|Any CPU
		{9B3B9E77-139C-41C3-9F13-036115366642}.Debug|Any CPU.ActiveCfg = Debug|Any CPU
		{9B3B9E77-139C-41C3-9F13-036115366642}.Debug|Any CPU.Build.0 = Debug|Any CPU
		{9B3B9E77-139C-41C3-9F13-036115366642}.Release|Any CPU.ActiveCfg = Release|Any CPU
		{9B3B9E77-139C-41C3-9F13-036115366642}.Release|Any CPU.Build.0 = Release|Any CPU
	EndGlobalSection
	GlobalSection(SolutionProperties) = preSolution
		HideSolutionNode = FALSE
	EndGlobalSection
	GlobalSection(ExtensibilityGlobals) = postSolution
		SolutionGuid = {2F22C61A-6CBB-49D9-9D13-5879D5AC5B3E}
	EndGlobalSection
EndGlobal
